
Microsoft Visual Studio Solution File, Format Version 12.00
# Visual Studio Version 17
VisualStudioVersion = 17.13.35931.197 d17.13
MinimumVisualStudioVersion = 10.0.40219.1
Project("{FAE04EC0-301F-11D3-BF4B-00C04F79EFBC}") = "GaziASPNet", "GaziASPNet\GaziASPNet.csproj", "{C4D73BB7-AC6D-4DD7-99C6-573D7C93D02D}"
EndProject
Global
	GlobalSection(SolutionConfigurationPlatforms) = preSolution
		Debug|Any CPU = Debug|Any CPU
		Release|Any CPU = Release|Any CPU
	EndGlobalSection
	GlobalSection(ProjectConfigurationPlatforms) = postSolution
		{C4D73BB7-AC6D-4DD7-99C6-573D7C93D02D}.Debug|Any CPU.ActiveCfg = Debug|Any CPU
		{C4D73BB7-AC6D-4DD7-99C6-573D7C93D02D}.Debug|Any CPU.Build.0 = Debug|Any CPU
		{C4D73BB7-AC6D-4DD7-99C6-573D7C93D02D}.Release|Any CPU.ActiveCfg = Release|Any CPU
		{C4D73BB7-AC6D-4DD7-99C6-573D7C93D02D}.Release|Any CPU.Build.0 = Release|Any CPU
	EndGlobalSection
	GlobalSection(SolutionProperties) = preSolution
		HideSolutionNode = FALSE
	EndGlobalSection
	GlobalSection(ExtensibilityGlobals) = postSolution
		SolutionGuid = {76FF0BC1-6D3B-4C1D-9585-97EB841F4C64}
	EndGlobalSection
EndGlobal
